
Microsoft Visual Studio Solution File, Format Version 12.00
# Visual Studio 2013
VisualStudioVersion = 12.0.31101.0
MinimumVisualStudioVersion = 10.0.40219.1
Project("{FAE04EC0-301F-11D3-BF4B-00C04F79EFBC}") = "SyxebotApi", "SyxebotApi\SyxebotApi.csproj", "{149BDFAB-5DB3-4B5A-A6A7-07C3F76E05F3}"
EndProject
Project("{2150E333-8FDC-42A3-9474-1A3956D46DE8}") = "Solution Items", "Solution Items", "{ABA58CDC-9125-4134-96B0-738690E49F60}"
	ProjectSection(SolutionItems) = preProject
		web.config = web.config
	EndProjectSection
EndProject
Global
	GlobalSection(SolutionConfigurationPlatforms) = preSolution
		Debug|Any CPU = Debug|Any CPU
		Release|Any CPU = Release|Any CPU
	EndGlobalSection
	GlobalSection(ProjectConfigurationPlatforms) = postSolution
		{149BDFAB-5DB3-4B5A-A6A7-07C3F76E05F3}.Debug|Any CPU.ActiveCfg = Debug|Any CPU
		{149BDFAB-5DB3-4B5A-A6A7-07C3F76E05F3}.Debug|Any CPU.Build.0 = Debug|Any CPU
		{149BDFAB-5DB3-4B5A-A6A7-07C3F76E05F3}.Release|Any CPU.ActiveCfg = Release|Any CPU
		{149BDFAB-5DB3-4B5A-A6A7-07C3F76E05F3}.Release|Any CPU.Build.0 = Release|Any CPU
	EndGlobalSection
	GlobalSection(SolutionProperties) = preSolution
		HideSolutionNode = FALSE
	EndGlobalSection
EndGlobal
